Microsoft Visual Studio Solution File, Format Version 12.00
# Visual Studio 2012
Project("{FAE04EC0-301F-11D3-BF4B-00C04F79EFBC}") = "testpro", "testpro.csproj", "{FBE5578F-DBBF-46FC-8DD6-134AACB9B7DB}"
EndProject
Global
	GlobalSection(SolutionConfigurationPlatforms) = preSolution
	Debug|Any CPU = Debug|Any CPU
	ExportDebug|Any CPU = ExportDebug|Any CPU
	ExportRelease|Any CPU = ExportRelease|Any CPU
	EndGlobalSection
	GlobalSection(ProjectConfigurationPlatforms) = postSolution
		{FBE5578F-DBBF-46FC-8DD6-134AACB9B7DB}.Debug|Any CPU.ActiveCfg = Debug|Any CPU
		{FBE5578F-DBBF-46FC-8DD6-134AACB9B7DB}.Debug|Any CPU.Build.0 = Debug|Any CPU
		{FBE5578F-DBBF-46FC-8DD6-134AACB9B7DB}.ExportDebug|Any CPU.ActiveCfg = ExportDebug|Any CPU
		{FBE5578F-DBBF-46FC-8DD6-134AACB9B7DB}.ExportDebug|Any CPU.Build.0 = ExportDebug|Any CPU
		{FBE5578F-DBBF-46FC-8DD6-134AACB9B7DB}.ExportRelease|Any CPU.ActiveCfg = ExportRelease|Any CPU
		{FBE5578F-DBBF-46FC-8DD6-134AACB9B7DB}.ExportRelease|Any CPU.Build.0 = ExportRelease|Any CPU
	EndGlobalSection
EndGlobal
